
Microsoft Visual Studio Solution File, Format Version 12.00
# Visual Studio Version 16
VisualStudioVersion = 16.0.32106.194
MinimumVisualStudioVersion = 10.0.40219.1
Project("{FAE04EC0-301F-11D3-BF4B-00C04F79EFBC}") = "MakaleWebProject", "MakaleWebProject\MakaleWebProject.csproj", "{6BBB8B38-7427-4DED-B8D5-3B610B0EAF63}"
EndProject
Global
	GlobalSection(SolutionConfigurationPlatforms) = preSolution
		Debug|Any CPU = Debug|Any CPU
		Release|Any CPU = Release|Any CPU
	EndGlobalSection
	GlobalSection(ProjectConfigurationPlatforms) = postSolution
		{6BBB8B38-7427-4DED-B8D5-3B610B0EAF63}.Debug|Any CPU.ActiveCfg = Debug|Any CPU
		{6BBB8B38-7427-4DED-B8D5-3B610B0EAF63}.Debug|Any CPU.Build.0 = Debug|Any CPU
		{6BBB8B38-7427-4DED-B8D5-3B610B0EAF63}.Release|Any CPU.ActiveCfg = Release|Any CPU
		{6BBB8B38-7427-4DED-B8D5-3B610B0EAF63}.Release|Any CPU.Build.0 = Release|Any CPU
	EndGlobalSection
	GlobalSection(SolutionProperties) = preSolution
		HideSolutionNode = FALSE
	EndGlobalSection
	GlobalSection(ExtensibilityGlobals) = postSolution
		SolutionGuid = {CA4A719B-9C5B-4363-9B28-E4165B0366B6}
	EndGlobalSection
EndGlobal
